
Microsoft Visual Studio Solution File, Format Version 12.00
# Visual Studio 14
VisualStudioVersion = 14.0.25123.0
MinimumVisualStudioVersion = 10.0.40219.1
Project("{F184B08F-C81C-45F6-A57F-5ABD9991F28F}") = "Aricie.Shared", "Aricie.Shared.vbproj", "{335FC18A-07C9-4009-8F24-05CEA975BD84}"
EndProject
Project("{2150E333-8FDC-42A3-9474-1A3956D46DE8}") = "Solution Items", "Solution Items", "{39C861FC-91C3-4B7E-9014-FC7DD0E4008E}"
	ProjectSection(SolutionItems) = preProject
		Aricie.Shared.dnn = Aricie.Shared.dnn
		Aricie.Shared.dnn5 = Aricie.Shared.dnn5
	EndProjectSection
EndProject
Project("{F184B08F-C81C-45F6-A57F-5ABD9991F28F}") = "Aricie.Core", "SharedLibs\Aricie.Core\Aricie.Core.vbproj", "{6ADA6635-4F81-4900-B392-DC0FD650FA52}"
EndProject
Project("{F184B08F-C81C-45F6-A57F-5ABD9991F28F}") = "Aricie.DNN", "SharedLibs\Aricie.DNN\Aricie.DNN.vbproj", "{79F9C77D-3B12-4111-B3C3-F006C7026580}"
EndProject
Project("{FAE04EC0-301F-11D3-BF4B-00C04F79EFBC}") = "Aricie.DNN7", "SharedLibs\Aricie.DNN\Aricie.DNN7\Aricie.DNN7.csproj", "{7F0E38C5-DCB6-4902-A113-5D63E79773EB}"
EndProject
Project("{F184B08F-C81C-45F6-A57F-5ABD9991F28F}") = "Aricie.Documents", "SharedLibs\Aricie.Documents\Aricie.Documents.vbproj", "{1B02DD78-6984-4F2E-A525-EEB71DA36670}"
EndProject
Global
	GlobalSection(SolutionConfigurationPlatforms) = preSolution
		Debug|Any CPU = Debug|Any CPU
		Release|Any CPU = Release|Any CPU
	EndGlobalSection
	GlobalSection(ProjectConfigurationPlatforms) = postSolution
		{335FC18A-07C9-4009-8F24-05CEA975BD84}.Debug|Any CPU.ActiveCfg = Debug|Any CPU
		{335FC18A-07C9-4009-8F24-05CEA975BD84}.Debug|Any CPU.Build.0 = Debug|Any CPU
		{335FC18A-07C9-4009-8F24-05CEA975BD84}.Release|Any CPU.ActiveCfg = Release|Any CPU
		{335FC18A-07C9-4009-8F24-05CEA975BD84}.Release|Any CPU.Build.0 = Release|Any CPU
		{6ADA6635-4F81-4900-B392-DC0FD650FA52}.Debug|Any CPU.ActiveCfg = Debug|Any CPU
		{6ADA6635-4F81-4900-B392-DC0FD650FA52}.Debug|Any CPU.Build.0 = Debug|Any CPU
		{6ADA6635-4F81-4900-B392-DC0FD650FA52}.Release|Any CPU.ActiveCfg = Release|Any CPU
		{6ADA6635-4F81-4900-B392-DC0FD650FA52}.Release|Any CPU.Build.0 = Release|Any CPU
		{79F9C77D-3B12-4111-B3C3-F006C7026580}.Debug|Any CPU.ActiveCfg = Debug|Any CPU
		{79F9C77D-3B12-4111-B3C3-F006C7026580}.Debug|Any CPU.Build.0 = Debug|Any CPU
		{79F9C77D-3B12-4111-B3C3-F006C7026580}.Release|Any CPU.ActiveCfg = Release|Any CPU
		{79F9C77D-3B12-4111-B3C3-F006C7026580}.Release|Any CPU.Build.0 = Release|Any CPU
		{7F0E38C5-DCB6-4902-A113-5D63E79773EB}.Debug|Any CPU.ActiveCfg = Debug|Any CPU
		{7F0E38C5-DCB6-4902-A113-5D63E79773EB}.Debug|Any CPU.Build.0 = Debug|Any CPU
		{7F0E38C5-DCB6-4902-A113-5D63E79773EB}.Release|Any CPU.ActiveCfg = Release|Any CPU
		{7F0E38C5-DCB6-4902-A113-5D63E79773EB}.Release|Any CPU.Build.0 = Release|Any CPU
		{1B02DD78-6984-4F2E-A525-EEB71DA36670}.Debug|Any CPU.ActiveCfg = Debug|Any CPU
		{1B02DD78-6984-4F2E-A525-EEB71DA36670}.Debug|Any CPU.Build.0 = Debug|Any CPU
		{1B02DD78-6984-4F2E-A525-EEB71DA36670}.Release|Any CPU.ActiveCfg = Release|Any CPU
		{1B02DD78-6984-4F2E-A525-EEB71DA36670}.Release|Any CPU.Build.0 = Release|Any CPU
	EndGlobalSection
	GlobalSection(SolutionProperties) = preSolution
		HideSolutionNode = FALSE
	EndGlobalSection
EndGlobal
